
Microsoft Visual Studio Solution File, Format Version 12.00
# Visual Studio Version 16
VisualStudioVersion = 16.0.31410.357
MinimumVisualStudioVersion = 10.0.40219.1
Project("{FAE04EC0-301F-11D3-BF4B-00C04F79EFBC}") = "Crave", "Crave.csproj", "{B678F493-6EF3-4844-B3DA-620FD1E86D3B}"
EndProject
Global
	GlobalSection(SolutionConfigurationPlatforms) = preSolution
		Debug|Any CPU = Debug|Any CPU
		Release|Any CPU = Release|Any CPU
	EndGlobalSection
	GlobalSection(ProjectConfigurationPlatforms) = postSolution
		{B678F493-6EF3-4844-B3DA-620FD1E86D3B}.Debug|Any CPU.ActiveCfg = Debug|Any CPU
		{B678F493-6EF3-4844-B3DA-620FD1E86D3B}.Debug|Any CPU.Build.0 = Debug|Any CPU
		{B678F493-6EF3-4844-B3DA-620FD1E86D3B}.Release|Any CPU.ActiveCfg = Release|Any CPU
		{B678F493-6EF3-4844-B3DA-620FD1E86D3B}.Release|Any CPU.Build.0 = Release|Any CPU
	EndGlobalSection
	GlobalSection(SolutionProperties) = preSolution
		HideSolutionNode = FALSE
	EndGlobalSection
	GlobalSection(ExtensibilityGlobals) = postSolution
		SolutionGuid = {59F1E46F-9CFF-4485-B9B1-E2732F044FCE}
	EndGlobalSection
EndGlobal
